
Microsoft Visual Studio Solution File, Format Version 12.00
# Visual Studio Version 17
VisualStudioVersion = 17.14.36623.8 d17.14
MinimumVisualStudioVersion = 10.0.40219.1
Project("{FAE04EC0-301F-11D3-BF4B-00C04F79EFBC}") = "OperatorOverloading", "OperatorOverloading\OperatorOverloading.csproj", "{5E123A6C-4C23-4A63-BEA0-D57AD94DB5F6}"
EndProject
Project("{FAE04EC0-301F-11D3-BF4B-00C04F79EFBC}") = "ClassLibrary1", "ClassLibrary1\ClassLibrary1.csproj", "{9C4A7A2D-5087-4F1D-8B88-CAFEB6A70E15}"
EndProject
Global
	GlobalSection(SolutionConfigurationPlatforms) = preSolution
		Debug|Any CPU = Debug|Any CPU
		Release|Any CPU = Release|Any CPU
	EndGlobalSection
	GlobalSection(ProjectConfigurationPlatforms) = postSolution
		{5E123A6C-4C23-4A63-BEA0-D57AD94DB5F6}.Debug|Any CPU.ActiveCfg = Debug|Any CPU
		{5E123A6C-4C23-4A63-BEA0-D57AD94DB5F6}.Debug|Any CPU.Build.0 = Debug|Any CPU
		{5E123A6C-4C23-4A63-BEA0-D57AD94DB5F6}.Release|Any CPU.ActiveCfg = Release|Any CPU
		{5E123A6C-4C23-4A63-BEA0-D57AD94DB5F6}.Release|Any CPU.Build.0 = Release|Any CPU
		{9C4A7A2D-5087-4F1D-8B88-CAFEB6A70E15}.Debug|Any CPU.ActiveCfg = Debug|Any CPU
		{9C4A7A2D-5087-4F1D-8B88-CAFEB6A70E15}.Debug|Any CPU.Build.0 = Debug|Any CPU
		{9C4A7A2D-5087-4F1D-8B88-CAFEB6A70E15}.Release|Any CPU.ActiveCfg = Release|Any CPU
		{9C4A7A2D-5087-4F1D-8B88-CAFEB6A70E15}.Release|Any CPU.Build.0 = Release|Any CPU
	EndGlobalSection
	GlobalSection(SolutionProperties) = preSolution
		HideSolutionNode = FALSE
	EndGlobalSection
	GlobalSection(ExtensibilityGlobals) = postSolution
		SolutionGuid = {BB1ACF6D-1EA0-477B-8C19-E35653049C59}
	EndGlobalSection
EndGlobal
